
Microsoft Visual Studio Solution File, Format Version 9.00
# Visual Studio 2005
Project("{FAE04EC0-301F-11D3-BF4B-00C04F79EFBC}") = "PowerTray", "PowerTray\PowerTray.csproj", "{02FEE07C-8BE8-43FA-9360-28A7C2EBEC03}"
EndProject
Project("{FAE04EC0-301F-11D3-BF4B-00C04F79EFBC}") = "PTSDK", "PTSDK\PTSDK.csproj", "{10951189-FC13-447D-8316-086209325D82}"
EndProject
Project("{FAE04EC0-301F-11D3-BF4B-00C04F79EFBC}") = "PTGoogleSearch", "PTGoogleSearch\PTGoogleSearch.csproj", "{BA9620CC-6EFE-43F0-B0F5-1EF2AED14EBE}"
EndProject
Project("{FAE04EC0-301F-11D3-BF4B-00C04F79EFBC}") = "PTWikipediaSearch", "PTWikipediaSearch\PTWikipediaSearch.csproj", "{7A79B8BC-3B83-45FE-97FE-536FB00CDBB3}"
EndProject
Project("{FAE04EC0-301F-11D3-BF4B-00C04F79EFBC}") = "Krellsoft.Core", "Krellsoft.Core\Krellsoft.Core.csproj", "{7F4BFFC5-7995-4672-9B31-76D41D4A74E0}"
EndProject
Global
	GlobalSection(SolutionConfigurationPlatforms) = preSolution
		Debug|Any CPU = Debug|Any CPU
		Debug|x86 = Debug|x86
		Release|Any CPU = Release|Any CPU
		Release|x86 = Release|x86
	EndGlobalSection
	GlobalSection(ProjectConfigurationPlatforms) = postSolution
		{02FEE07C-8BE8-43FA-9360-28A7C2EBEC03}.Debug|Any CPU.ActiveCfg = Debug|Any CPU
		{02FEE07C-8BE8-43FA-9360-28A7C2EBEC03}.Debug|Any CPU.Build.0 = Debug|Any CPU
		{02FEE07C-8BE8-43FA-9360-28A7C2EBEC03}.Debug|x86.ActiveCfg = Debug|Any CPU
		{02FEE07C-8BE8-43FA-9360-28A7C2EBEC03}.Debug|x86.Build.0 = Debug|Any CPU
		{02FEE07C-8BE8-43FA-9360-28A7C2EBEC03}.Release|Any CPU.ActiveCfg = Release|Any CPU
		{02FEE07C-8BE8-43FA-9360-28A7C2EBEC03}.Release|Any CPU.Build.0 = Release|Any CPU
		{02FEE07C-8BE8-43FA-9360-28A7C2EBEC03}.Release|x86.ActiveCfg = Release|x86
		{02FEE07C-8BE8-43FA-9360-28A7C2EBEC03}.Release|x86.Build.0 = Release|x86
		{10951189-FC13-447D-8316-086209325D82}.Debug|Any CPU.ActiveCfg = Debug|Any CPU
		{10951189-FC13-447D-8316-086209325D82}.Debug|Any CPU.Build.0 = Debug|Any CPU
		{10951189-FC13-447D-8316-086209325D82}.Debug|x86.ActiveCfg = Debug|Any CPU
		{10951189-FC13-447D-8316-086209325D82}.Debug|x86.Build.0 = Debug|Any CPU
		{10951189-FC13-447D-8316-086209325D82}.Release|Any CPU.ActiveCfg = Release|Any CPU
		{10951189-FC13-447D-8316-086209325D82}.Release|Any CPU.Build.0 = Release|Any CPU
		{10951189-FC13-447D-8316-086209325D82}.Release|x86.ActiveCfg = Release|Any CPU
		{7A79B8BC-3B83-45FE-97FE-536FB00CDBB3}.Debug|Any CPU.ActiveCfg = Debug|Any CPU
		{7A79B8BC-3B83-45FE-97FE-536FB00CDBB3}.Debug|Any CPU.Build.0 = Debug|Any CPU
		{7A79B8BC-3B83-45FE-97FE-536FB00CDBB3}.Debug|x86.ActiveCfg = Debug|Any CPU
		{7A79B8BC-3B83-45FE-97FE-536FB00CDBB3}.Debug|x86.Build.0 = Debug|Any CPU
		{7A79B8BC-3B83-45FE-97FE-536FB00CDBB3}.Release|Any CPU.ActiveCfg = Release|Any CPU
		{7A79B8BC-3B83-45FE-97FE-536FB00CDBB3}.Release|Any CPU.Build.0 = Release|Any CPU
		{7A79B8BC-3B83-45FE-97FE-536FB00CDBB3}.Release|x86.ActiveCfg = Release|Any CPU
		{7F4BFFC5-7995-4672-9B31-76D41D4A74E0}.Debug|Any CPU.ActiveCfg = Debug|Any CPU
		{7F4BFFC5-7995-4672-9B31-76D41D4A74E0}.Debug|Any CPU.Build.0 = Debug|Any CPU
		{7F4BFFC5-7995-4672-9B31-76D41D4A74E0}.Debug|x86.ActiveCfg = Debug|Any CPU
		{7F4BFFC5-7995-4672-9B31-76D41D4A74E0}.Release|Any CPU.ActiveCfg = Release|Any CPU
		{7F4BFFC5-7995-4672-9B31-76D41D4A74E0}.Release|Any CPU.Build.0 = Release|Any CPU
		{7F4BFFC5-7995-4672-9B31-76D41D4A74E0}.Release|x86.ActiveCfg = Release|Any CPU
		{BA9620CC-6EFE-43F0-B0F5-1EF2AED14EBE}.Debug|Any CPU.ActiveCfg = Debug|Any CPU
		{BA9620CC-6EFE-43F0-B0F5-1EF2AED14EBE}.Debug|Any CPU.Build.0 = Debug|Any CPU
		{BA9620CC-6EFE-43F0-B0F5-1EF2AED14EBE}.Debug|x86.ActiveCfg = Debug|Any CPU
		{BA9620CC-6EFE-43F0-B0F5-1EF2AED14EBE}.Debug|x86.Build.0 = Debug|Any CPU
		{BA9620CC-6EFE-43F0-B0F5-1EF2AED14EBE}.Release|Any CPU.ActiveCfg = Release|Any CPU
		{BA9620CC-6EFE-43F0-B0F5-1EF2AED14EBE}.Release|Any CPU.Build.0 = Release|Any CPU
		{BA9620CC-6EFE-43F0-B0F5-1EF2AED14EBE}.Release|x86.ActiveCfg = Release|Any CPU
	EndGlobalSection
	GlobalSection(MonoDevelopProperties) = preSolution
		StartupItem = PowerTray\PowerTray.csproj
	EndGlobalSection
	GlobalSection(SolutionProperties) = preSolution
		HideSolutionNode = FALSE
	EndGlobalSection
EndGlobal
